
Microsoft Visual Studio Solution File, Format Version 12.00
# Visual Studio Version 17
VisualStudioVersion = 17.8.34316.72
MinimumVisualStudioVersion = 10.0.40219.1
Project("{FAE04EC0-301F-11D3-BF4B-00C04F79EFBC}") = "ArchiveReaderAPI", "ArchiveReaderAPI\ArchiveReaderAPI.csproj", "{67B7F20E-2208-4038-8CBC-64179020C151}"
EndProject
Global
	GlobalSection(SolutionConfigurationPlatforms) = preSolution
		Debug|Any CPU = Debug|Any CPU
		Release|Any CPU = Release|Any CPU
	EndGlobalSection
	GlobalSection(ProjectConfigurationPlatforms) = postSolution
		{67B7F20E-2208-4038-8CBC-64179020C151}.Debug|Any CPU.ActiveCfg = Debug|Any CPU
		{67B7F20E-2208-4038-8CBC-64179020C151}.Debug|Any CPU.Build.0 = Debug|Any CPU
		{67B7F20E-2208-4038-8CBC-64179020C151}.Release|Any CPU.ActiveCfg = Release|Any CPU
		{67B7F20E-2208-4038-8CBC-64179020C151}.Release|Any CPU.Build.0 = Release|Any CPU
	EndGlobalSection
	GlobalSection(SolutionProperties) = preSolution
		HideSolutionNode = FALSE
	EndGlobalSection
	GlobalSection(ExtensibilityGlobals) = postSolution
		SolutionGuid = {0CCF9B0D-A06D-44B9-8332-A47C262AA1D3}
	EndGlobalSection
EndGlobal
